
Microsoft Visual Studio Solution File, Format Version 12.00
# Visual Studio Version 17
VisualStudioVersion = 17.5.33627.172
MinimumVisualStudioVersion = 10.0.40219.1
Project("{FAE04EC0-301F-11D3-BF4B-00C04F79EFBC}") = "AluraCAR.Android", "AluraCAR\AluraCAR.Android\AluraCAR.Android.csproj", "{FF836FC6-5AD9-43EB-929F-D6AE5F8C664B}"
EndProject
Project("{FAE04EC0-301F-11D3-BF4B-00C04F79EFBC}") = "AluraCAR.iOS", "AluraCAR\AluraCAR.iOS\AluraCAR.iOS.csproj", "{66BEA428-5D70-4064-B938-53F44CE4DF5C}"
EndProject
Project("{FAE04EC0-301F-11D3-BF4B-00C04F79EFBC}") = "AluraCAR", "AluraCAR\AluraCAR\AluraCAR.csproj", "{BBF41091-6C71-4191-8C79-C812330B1DE9}"
EndProject
Global
	GlobalSection(SolutionConfigurationPlatforms) = preSolution
		Debug|Any CPU = Debug|Any CPU
		Debug|iPhone = Debug|iPhone
		Debug|iPhoneSimulator = Debug|iPhoneSimulator
		Release|Any CPU = Release|Any CPU
		Release|iPhone = Release|iPhone
		Release|iPhoneSimulator = Release|iPhoneSimulator
	EndGlobalSection
	GlobalSection(ProjectConfigurationPlatforms) = postSolution
		{FF836FC6-5AD9-43EB-929F-D6AE5F8C664B}.Debug|Any CPU.ActiveCfg = Debug|Any CPU
		{FF836FC6-5AD9-43EB-929F-D6AE5F8C664B}.Debug|Any CPU.Build.0 = Debug|Any CPU
		{FF836FC6-5AD9-43EB-929F-D6AE5F8C664B}.Debug|Any CPU.Deploy.0 = Debug|Any CPU
		{FF836FC6-5AD9-43EB-929F-D6AE5F8C664B}.Debug|iPhone.ActiveCfg = Debug|Any CPU
		{FF836FC6-5AD9-43EB-929F-D6AE5F8C664B}.Debug|iPhone.Build.0 = Debug|Any CPU
		{FF836FC6-5AD9-43EB-929F-D6AE5F8C664B}.Debug|iPhone.Deploy.0 = Debug|Any CPU
		{FF836FC6-5AD9-43EB-929F-D6AE5F8C664B}.Debug|iPhoneSimulator.ActiveCfg = Debug|Any CPU
		{FF836FC6-5AD9-43EB-929F-D6AE5F8C664B}.Debug|iPhoneSimulator.Build.0 = Debug|Any CPU
		{FF836FC6-5AD9-43EB-929F-D6AE5F8C664B}.Debug|iPhoneSimulator.Deploy.0 = Debug|Any CPU
		{FF836FC6-5AD9-43EB-929F-D6AE5F8C664B}.Release|Any CPU.ActiveCfg = Release|Any CPU
		{FF836FC6-5AD9-43EB-929F-D6AE5F8C664B}.Release|Any CPU.Build.0 = Release|Any CPU
		{FF836FC6-5AD9-43EB-929F-D6AE5F8C664B}.Release|Any CPU.Deploy.0 = Release|Any CPU
		{FF836FC6-5AD9-43EB-929F-D6AE5F8C664B}.Release|iPhone.ActiveCfg = Release|Any CPU
		{FF836FC6-5AD9-43EB-929F-D6AE5F8C664B}.Release|iPhone.Build.0 = Release|Any CPU
		{FF836FC6-5AD9-43EB-929F-D6AE5F8C664B}.Release|iPhone.Deploy.0 = Release|Any CPU
		{FF836FC6-5AD9-43EB-929F-D6AE5F8C664B}.Release|iPhoneSimulator.ActiveCfg = Release|Any CPU
		{FF836FC6-5AD9-43EB-929F-D6AE5F8C664B}.Release|iPhoneSimulator.Build.0 = Release|Any CPU
		{FF836FC6-5AD9-43EB-929F-D6AE5F8C664B}.Release|iPhoneSimulator.Deploy.0 = Release|Any CPU
		{66BEA428-5D70-4064-B938-53F44CE4DF5C}.Debug|Any CPU.ActiveCfg = Debug|iPhone
		{66BEA428-5D70-4064-B938-53F44CE4DF5C}.Debug|Any CPU.Build.0 = Debug|iPhone
		{66BEA428-5D70-4064-B938-53F44CE4DF5C}.Debug|Any CPU.Deploy.0 = Debug|iPhone
		{66BEA428-5D70-4064-B938-53F44CE4DF5C}.Debug|iPhone.ActiveCfg = Debug|iPhone
		{66BEA428-5D70-4064-B938-53F44CE4DF5C}.Debug|iPhone.Build.0 = Debug|iPhone
		{66BEA428-5D70-4064-B938-53F44CE4DF5C}.Debug|iPhone.Deploy.0 = Debug|iPhone
		{66BEA428-5D70-4064-B938-53F44CE4DF5C}.Debug|iPhoneSimulator.ActiveCfg = Debug|iPhoneSimulator
		{66BEA428-5D70-4064-B938-53F44CE4DF5C}.Debug|iPhoneSimulator.Build.0 = Debug|iPhoneSimulator
		{66BEA428-5D70-4064-B938-53F44CE4DF5C}.Debug|iPhoneSimulator.Deploy.0 = Debug|iPhoneSimulator
		{66BEA428-5D70-4064-B938-53F44CE4DF5C}.Release|Any CPU.ActiveCfg = Release|iPhoneSimulator
		{66BEA428-5D70-4064-B938-53F44CE4DF5C}.Release|Any CPU.Build.0 = Release|iPhoneSimulator
		{66BEA428-5D70-4064-B938-53F44CE4DF5C}.Release|Any CPU.Deploy.0 = Release|iPhoneSimulator
		{66BEA428-5D70-4064-B938-53F44CE4DF5C}.Release|iPhone.ActiveCfg = Release|iPhone
		{66BEA428-5D70-4064-B938-53F44CE4DF5C}.Release|iPhone.Build.0 = Release|iPhone
		{66BEA428-5D70-4064-B938-53F44CE4DF5C}.Release|iPhone.Deploy.0 = Release|iPhone
		{66BEA428-5D70-4064-B938-53F44CE4DF5C}.Release|iPhoneSimulator.ActiveCfg = Release|iPhoneSimulator
		{66BEA428-5D70-4064-B938-53F44CE4DF5C}.Release|iPhoneSimulator.Build.0 = Release|iPhoneSimulator
		{66BEA428-5D70-4064-B938-53F44CE4DF5C}.Release|iPhoneSimulator.Deploy.0 = Release|iPhoneSimulator
		{BBF41091-6C71-4191-8C79-C812330B1DE9}.Debug|Any CPU.ActiveCfg = Debug|Any CPU
		{BBF41091-6C71-4191-8C79-C812330B1DE9}.Debug|Any CPU.Build.0 = Debug|Any CPU
		{BBF41091-6C71-4191-8C79-C812330B1DE9}.Debug|Any CPU.Deploy.0 = Debug|Any CPU
		{BBF41091-6C71-4191-8C79-C812330B1DE9}.Debug|iPhone.ActiveCfg = Debug|Any CPU
		{BBF41091-6C71-4191-8C79-C812330B1DE9}.Debug|iPhone.Build.0 = Debug|Any CPU
		{BBF41091-6C71-4191-8C79-C812330B1DE9}.Debug|iPhone.Deploy.0 = Debug|Any CPU
		{BBF41091-6C71-4191-8C79-C812330B1DE9}.Debug|iPhoneSimulator.ActiveCfg = Debug|Any CPU
		{BBF41091-6C71-4191-8C79-C812330B1DE9}.Debug|iPhoneSimulator.Build.0 = Debug|Any CPU
		{BBF41091-6C71-4191-8C79-C812330B1DE9}.Debug|iPhoneSimulator.Deploy.0 = Debug|Any CPU
		{BBF41091-6C71-4191-8C79-C812330B1DE9}.Release|Any CPU.ActiveCfg = Release|Any CPU
		{BBF41091-6C71-4191-8C79-C812330B1DE9}.Release|Any CPU.Build.0 = Release|Any CPU
		{BBF41091-6C71-4191-8C79-C812330B1DE9}.Release|Any CPU.Deploy.0 = Release|Any CPU
		{BBF41091-6C71-4191-8C79-C812330B1DE9}.Release|iPhone.ActiveCfg = Release|Any CPU
		{BBF41091-6C71-4191-8C79-C812330B1DE9}.Release|iPhone.Build.0 = Release|Any CPU
		{BBF41091-6C71-4191-8C79-C812330B1DE9}.Release|iPhone.Deploy.0 = Release|Any CPU
		{BBF41091-6C71-4191-8C79-C812330B1DE9}.Release|iPhoneSimulator.ActiveCfg = Release|Any CPU
		{BBF41091-6C71-4191-8C79-C812330B1DE9}.Release|iPhoneSimulator.Build.0 = Release|Any CPU
		{BBF41091-6C71-4191-8C79-C812330B1DE9}.Release|iPhoneSimulator.Deploy.0 = Release|Any CPU
	EndGlobalSection
	GlobalSection(SolutionProperties) = preSolution
		HideSolutionNode = FALSE
	EndGlobalSection
	GlobalSection(ExtensibilityGlobals) = postSolution
		SolutionGuid = {4803B4E3-CC7F-49DA-A654-88E49E8E69ED}
	EndGlobalSection
EndGlobal
